{
  "object": {
    "pins": [
      {
        "package": "swift-parsing",
        "repositoryURL": "https://github.com/pointfreeco/swift-parsing",
        "state": {
          "branch": null,
          "revision": "0e4f1bfb59eab7fc843ae1059a5bf51a12ef3264",
          "version": "0.3.0"
        }
      },
      {
        "package": "SwiftHamcrest",
        "repositoryURL": "https://github.com/nschum/SwiftHamcrest",
        "state": {
          "branch": null,
          "revision": "8293762e84a6d59f0742d6f9bc94132accfc31f9",
          "version": "2.2.2"
        }
      }
    ]
  },
  "version": 1
}
